
Microsoft Visual Studio Solution File, Format Version 12.00
# Visual Studio Version 17
VisualStudioVersion = 17.2.32602.215
MinimumVisualStudioVersion = 10.0.40219.1
Project("{2150E333-8FDC-42A3-9474-1A3956D46DE8}") = "Services", "Services", "{4A098F9B-5DBA-449C-8BB3-3C52E5A36853}"
	ProjectSection(SolutionItems) = preProject
		Ports.txt = Ports.txt
	EndProjectSection
EndProject
Project("{2150E333-8FDC-42A3-9474-1A3956D46DE8}") = "Catalog", "Catalog", "{36D3FF07-8F37-45F7-A10D-805E25598258}"
EndProject
Project("{9A19103F-16F7-4668-BE54-9A1E7A4F7556}") = "FreeCourse.Services.Catalog", "Services\Catalog\FreeCourse.Services.Catalog\FreeCourse.Services.Catalog.csproj", "{3379036D-FF6D-421F-8B36-0FC6A966D79A}"
EndProject
Project("{2150E333-8FDC-42A3-9474-1A3956D46DE8}") = "Shared", "Shared", "{CFDBFD72-B2CB-4EBF-8EE7-D06A121022D7}"
EndProject
Project("{9A19103F-16F7-4668-BE54-9A1E7A4F7556}") = "FreeCourse.Shared", "Shared\FreeCourse.Shared\FreeCourse.Shared.csproj", "{8329227C-E450-4AAD-B747-66A1636FF71C}"
EndProject
Project("{2150E333-8FDC-42A3-9474-1A3956D46DE8}") = "Basket", "Basket", "{5132843E-7921-46E8-A715-BAD803DF3F30}"
EndProject
Project("{9A19103F-16F7-4668-BE54-9A1E7A4F7556}") = "FreeCourse.Services.Basket", "Services\Basket\FreeCourse.Services.Basket\FreeCourse.Services.Basket.csproj", "{93F96C41-CAE9-4E5A-B09E-9098B71DF6DC}"
EndProject
Project("{2150E333-8FDC-42A3-9474-1A3956D46DE8}") = "IdentityServer", "IdentityServer", "{AD502602-894F-4230-AA72-7BDD7B141CBE}"
EndProject
Project("{9A19103F-16F7-4668-BE54-9A1E7A4F7556}") = "FreeCourse.IdentityServer", "IdentityServer\FreeCourse.IdentityServer\FreeCourse.IdentityServer.csproj", "{10E709D5-0D4D-4ED4-8BC7-703D2F6DFFA7}"
EndProject
Project("{2150E333-8FDC-42A3-9474-1A3956D46DE8}") = "Order", "Order", "{152DF24A-E984-4BD9-9BC8-7768C7FE55CD}"
EndProject
Project("{9A19103F-16F7-4668-BE54-9A1E7A4F7556}") = "FreeCourse.Services.Order.API", "Services\Order\FreeCourse.Services.Order.API\FreeCourse.Services.Order.API.csproj", "{17A6592B-C194-4342-BB03-A39BA73AB3FE}"
EndProject
Project("{9A19103F-16F7-4668-BE54-9A1E7A4F7556}") = "FreeCourse.Services.Order.Application", "Services\Order\FreeCourse.Services.Order.Application\FreeCourse.Services.Order.Application.csproj", "{FAB555C1-6D63-4710-AD68-9CA9E30521FD}"
EndProject
Project("{9A19103F-16F7-4668-BE54-9A1E7A4F7556}") = "FreeCource.Services.Order.Domain", "Services\Order\FreeCource.Services.Order.Domain\FreeCource.Services.Order.Domain.csproj", "{BE389E33-64EE-4393-98D4-5AA6C78036A9}"
EndProject
Project("{9A19103F-16F7-4668-BE54-9A1E7A4F7556}") = "FreeCourse.Services.Order.Domain.Core", "Services\Order\FreeCourse.Services.Order.Domain.Core\FreeCourse.Services.Order.Domain.Core.csproj", "{5B21A8BB-BDC3-4DF5-B29D-9FEDF516F482}"
EndProject
Project("{9A19103F-16F7-4668-BE54-9A1E7A4F7556}") = "FreeCourse.Services.Order.Infrastructure", "Services\Order\FreeCourse.Services.Order.Infrastructure\FreeCourse.Services.Order.Infrastructure.csproj", "{6580CB0E-3602-4AF5-8509-92029C44B2B0}"
EndProject
Project("{2150E333-8FDC-42A3-9474-1A3956D46DE8}") = "FakePayment", "FakePayment", "{C19C97A0-2CDD-4B3F-83BB-EE9EE86F3C7B}"
EndProject
Project("{9A19103F-16F7-4668-BE54-9A1E7A4F7556}") = "FreeCourse.Services.FakePayment", "Services\FakePayment\FreeCourse.Services.FakePayment\FreeCourse.Services.FakePayment.csproj", "{57DD62FF-9BF9-451E-8000-604830AC8510}"
EndProject
Project("{2150E333-8FDC-42A3-9474-1A3956D46DE8}") = "Gateways", "Gateways", "{43A85514-0526-4B98-9764-2436EC131F33}"
EndProject
Project("{9A19103F-16F7-4668-BE54-9A1E7A4F7556}") = "FreeCourse.Gateway", "FreeCourse.Gateway\FreeCourse.Gateway.csproj", "{693FD867-D0C4-42F7-8DF7-5D78F6AC6387}"
EndProject
Project("{2150E333-8FDC-42A3-9474-1A3956D46DE8}") = "Frontends", "Frontends", "{50082E09-6E37-4DDA-A09D-1E716EA01AD2}"
EndProject
Project("{9A19103F-16F7-4668-BE54-9A1E7A4F7556}") = "FreeCourse.Web", "Frontends\FreeCourse.Web\FreeCourse.Web.csproj", "{322A63FA-B5E6-44EF-A07E-396631F258E3}"
EndProject
Project("{2150E333-8FDC-42A3-9474-1A3956D46DE8}") = "Discount", "Discount", "{FE0500EF-68E4-400D-9E83-F4C75509CDCD}"
EndProject
Project("{FAE04EC0-301F-11D3-BF4B-00C04F79EFBC}") = "FreeCourse.Services.Discount", "Services\Discount\FreeCourse.Services.Discount\FreeCourse.Services.Discount.csproj", "{A5F5C6E8-390F-468F-AB4C-59A67EA8D51F}"
EndProject
Global
	GlobalSection(SolutionConfigurationPlatforms) = preSolution
		Debug|Any CPU = Debug|Any CPU
		Release|Any CPU = Release|Any CPU
	EndGlobalSection
	GlobalSection(ProjectConfigurationPlatforms) = postSolution
		{3379036D-FF6D-421F-8B36-0FC6A966D79A}.Debug|Any CPU.ActiveCfg = Debug|Any CPU
		{3379036D-FF6D-421F-8B36-0FC6A966D79A}.Debug|Any CPU.Build.0 = Debug|Any CPU
		{3379036D-FF6D-421F-8B36-0FC6A966D79A}.Release|Any CPU.ActiveCfg = Release|Any CPU
		{3379036D-FF6D-421F-8B36-0FC6A966D79A}.Release|Any CPU.Build.0 = Release|Any CPU
		{8329227C-E450-4AAD-B747-66A1636FF71C}.Debug|Any CPU.ActiveCfg = Debug|Any CPU
		{8329227C-E450-4AAD-B747-66A1636FF71C}.Debug|Any CPU.Build.0 = Debug|Any CPU
		{8329227C-E450-4AAD-B747-66A1636FF71C}.Release|Any CPU.ActiveCfg = Release|Any CPU
		{8329227C-E450-4AAD-B747-66A1636FF71C}.Release|Any CPU.Build.0 = Release|Any CPU
		{93F96C41-CAE9-4E5A-B09E-9098B71DF6DC}.Debug|Any CPU.ActiveCfg = Debug|Any CPU
		{93F96C41-CAE9-4E5A-B09E-9098B71DF6DC}.Debug|Any CPU.Build.0 = Debug|Any CPU
		{93F96C41-CAE9-4E5A-B09E-9098B71DF6DC}.Release|Any CPU.ActiveCfg = Release|Any CPU
		{93F96C41-CAE9-4E5A-B09E-9098B71DF6DC}.Release|Any CPU.Build.0 = Release|Any CPU
		{10E709D5-0D4D-4ED4-8BC7-703D2F6DFFA7}.Debug|Any CPU.ActiveCfg = Debug|Any CPU
		{10E709D5-0D4D-4ED4-8BC7-703D2F6DFFA7}.Debug|Any CPU.Build.0 = Debug|Any CPU
		{10E709D5-0D4D-4ED4-8BC7-703D2F6DFFA7}.Release|Any CPU.ActiveCfg = Release|Any CPU
		{10E709D5-0D4D-4ED4-8BC7-703D2F6DFFA7}.Release|Any CPU.Build.0 = Release|Any CPU
		{17A6592B-C194-4342-BB03-A39BA73AB3FE}.Debug|Any CPU.ActiveCfg = Debug|Any CPU
		{17A6592B-C194-4342-BB03-A39BA73AB3FE}.Debug|Any CPU.Build.0 = Debug|Any CPU
		{17A6592B-C194-4342-BB03-A39BA73AB3FE}.Release|Any CPU.ActiveCfg = Release|Any CPU
		{17A6592B-C194-4342-BB03-A39BA73AB3FE}.Release|Any CPU.Build.0 = Release|Any CPU
		{FAB555C1-6D63-4710-AD68-9CA9E30521FD}.Debug|Any CPU.ActiveCfg = Debug|Any CPU
		{FAB555C1-6D63-4710-AD68-9CA9E30521FD}.Debug|Any CPU.Build.0 = Debug|Any CPU
		{FAB555C1-6D63-4710-AD68-9CA9E30521FD}.Release|Any CPU.ActiveCfg = Release|Any CPU
		{FAB555C1-6D63-4710-AD68-9CA9E30521FD}.Release|Any CPU.Build.0 = Release|Any CPU
		{BE389E33-64EE-4393-98D4-5AA6C78036A9}.Debug|Any CPU.ActiveCfg = Debug|Any CPU
		{BE389E33-64EE-4393-98D4-5AA6C78036A9}.Debug|Any CPU.Build.0 = Debug|Any CPU
		{BE389E33-64EE-4393-98D4-5AA6C78036A9}.Release|Any CPU.ActiveCfg = Release|Any CPU
		{BE389E33-64EE-4393-98D4-5AA6C78036A9}.Release|Any CPU.Build.0 = Release|Any CPU
		{5B21A8BB-BDC3-4DF5-B29D-9FEDF516F482}.Debug|Any CPU.ActiveCfg = Debug|Any CPU
		{5B21A8BB-BDC3-4DF5-B29D-9FEDF516F482}.Debug|Any CPU.Build.0 = Debug|Any CPU
		{5B21A8BB-BDC3-4DF5-B29D-9FEDF516F482}.Release|Any CPU.ActiveCfg = Release|Any CPU
		{5B21A8BB-BDC3-4DF5-B29D-9FEDF516F482}.Release|Any CPU.Build.0 = Release|Any CPU
		{6580CB0E-3602-4AF5-8509-92029C44B2B0}.Debug|Any CPU.ActiveCfg = Debug|Any CPU
		{6580CB0E-3602-4AF5-8509-92029C44B2B0}.Debug|Any CPU.Build.0 = Debug|Any CPU
		{6580CB0E-3602-4AF5-8509-92029C44B2B0}.Release|Any CPU.ActiveCfg = Release|Any CPU
		{6580CB0E-3602-4AF5-8509-92029C44B2B0}.Release|Any CPU.Build.0 = Release|Any CPU
		{57DD62FF-9BF9-451E-8000-604830AC8510}.Debug|Any CPU.ActiveCfg = Debug|Any CPU
		{57DD62FF-9BF9-451E-8000-604830AC8510}.Debug|Any CPU.Build.0 = Debug|Any CPU
		{57DD62FF-9BF9-451E-8000-604830AC8510}.Release|Any CPU.ActiveCfg = Release|Any CPU
		{57DD62FF-9BF9-451E-8000-604830AC8510}.Release|Any CPU.Build.0 = Release|Any CPU
		{693FD867-D0C4-42F7-8DF7-5D78F6AC6387}.Debug|Any CPU.ActiveCfg = Debug|Any CPU
		{693FD867-D0C4-42F7-8DF7-5D78F6AC6387}.Debug|Any CPU.Build.0 = Debug|Any CPU
		{693FD867-D0C4-42F7-8DF7-5D78F6AC6387}.Release|Any CPU.ActiveCfg = Release|Any CPU
		{693FD867-D0C4-42F7-8DF7-5D78F6AC6387}.Release|Any CPU.Build.0 = Release|Any CPU
		{322A63FA-B5E6-44EF-A07E-396631F258E3}.Debug|Any CPU.ActiveCfg = Debug|Any CPU
		{322A63FA-B5E6-44EF-A07E-396631F258E3}.Debug|Any CPU.Build.0 = Debug|Any CPU
		{322A63FA-B5E6-44EF-A07E-396631F258E3}.Release|Any CPU.ActiveCfg = Release|Any CPU
		{322A63FA-B5E6-44EF-A07E-396631F258E3}.Release|Any CPU.Build.0 = Release|Any CPU
		{A5F5C6E8-390F-468F-AB4C-59A67EA8D51F}.Debug|Any CPU.ActiveCfg = Debug|Any CPU
		{A5F5C6E8-390F-468F-AB4C-59A67EA8D51F}.Debug|Any CPU.Build.0 = Debug|Any CPU
		{A5F5C6E8-390F-468F-AB4C-59A67EA8D51F}.Release|Any CPU.ActiveCfg = Release|Any CPU
		{A5F5C6E8-390F-468F-AB4C-59A67EA8D51F}.Release|Any CPU.Build.0 = Release|Any CPU
	EndGlobalSection
	GlobalSection(SolutionProperties) = preSolution
		HideSolutionNode = FALSE
	EndGlobalSection
	GlobalSection(NestedProjects) = preSolution
		{36D3FF07-8F37-45F7-A10D-805E25598258} = {4A098F9B-5DBA-449C-8BB3-3C52E5A36853}
		{3379036D-FF6D-421F-8B36-0FC6A966D79A} = {36D3FF07-8F37-45F7-A10D-805E25598258}
		{8329227C-E450-4AAD-B747-66A1636FF71C} = {CFDBFD72-B2CB-4EBF-8EE7-D06A121022D7}
		{5132843E-7921-46E8-A715-BAD803DF3F30} = {4A098F9B-5DBA-449C-8BB3-3C52E5A36853}
		{93F96C41-CAE9-4E5A-B09E-9098B71DF6DC} = {5132843E-7921-46E8-A715-BAD803DF3F30}
		{10E709D5-0D4D-4ED4-8BC7-703D2F6DFFA7} = {AD502602-894F-4230-AA72-7BDD7B141CBE}
		{152DF24A-E984-4BD9-9BC8-7768C7FE55CD} = {4A098F9B-5DBA-449C-8BB3-3C52E5A36853}
		{17A6592B-C194-4342-BB03-A39BA73AB3FE} = {152DF24A-E984-4BD9-9BC8-7768C7FE55CD}
		{FAB555C1-6D63-4710-AD68-9CA9E30521FD} = {152DF24A-E984-4BD9-9BC8-7768C7FE55CD}
		{BE389E33-64EE-4393-98D4-5AA6C78036A9} = {152DF24A-E984-4BD9-9BC8-7768C7FE55CD}
		{5B21A8BB-BDC3-4DF5-B29D-9FEDF516F482} = {152DF24A-E984-4BD9-9BC8-7768C7FE55CD}
		{6580CB0E-3602-4AF5-8509-92029C44B2B0} = {152DF24A-E984-4BD9-9BC8-7768C7FE55CD}
		{C19C97A0-2CDD-4B3F-83BB-EE9EE86F3C7B} = {4A098F9B-5DBA-449C-8BB3-3C52E5A36853}
		{57DD62FF-9BF9-451E-8000-604830AC8510} = {C19C97A0-2CDD-4B3F-83BB-EE9EE86F3C7B}
		{693FD867-D0C4-42F7-8DF7-5D78F6AC6387} = {43A85514-0526-4B98-9764-2436EC131F33}
		{322A63FA-B5E6-44EF-A07E-396631F258E3} = {50082E09-6E37-4DDA-A09D-1E716EA01AD2}
		{FE0500EF-68E4-400D-9E83-F4C75509CDCD} = {4A098F9B-5DBA-449C-8BB3-3C52E5A36853}
		{A5F5C6E8-390F-468F-AB4C-59A67EA8D51F} = {FE0500EF-68E4-400D-9E83-F4C75509CDCD}
	EndGlobalSection
	GlobalSection(ExtensibilityGlobals) = postSolution
		SolutionGuid = {0B6C44B3-ADCD-45CE-91FD-45060A8B09AB}
	EndGlobalSection
EndGlobal
